
Microsoft Visual Studio Solution File, Format Version 12.00
# Visual Studio 15
VisualStudioVersion = 15.0.27703.2035
MinimumVisualStudioVersion = 10.0.40219.1
Project("{FAE04EC0-301F-11D3-BF4B-00C04F79EFBC}") = "AngularXam.Android", "AngularXam\AngularXam.Android\AngularXam.Android.csproj", "{135F8EB8-146E-4E89-8DF8-5C26D553D117}"
EndProject
Project("{FAE04EC0-301F-11D3-BF4B-00C04F79EFBC}") = "AngularXam.iOS", "AngularXam\AngularXam.iOS\AngularXam.iOS.csproj", "{182F00FC-DE31-40B3-A76A-55E9FB545F46}"
EndProject
Project("{FAE04EC0-301F-11D3-BF4B-00C04F79EFBC}") = "AngularXam.UWP", "AngularXam\AngularXam.UWP\AngularXam.UWP.csproj", "{E3E25509-784A-47F2-8CB5-6F0612CA9B9F}"
EndProject
Project("{FAE04EC0-301F-11D3-BF4B-00C04F79EFBC}") = "AngularXam", "AngularXam\AngularXam\AngularXam.csproj", "{B87F521D-2B1D-4833-B5B7-60FA73D29B1E}"
EndProject
Global
	GlobalSection(SolutionConfigurationPlatforms) = preSolution
		Debug|Any CPU = Debug|Any CPU
		Debug|ARM = Debug|ARM
		Debug|iPhone = Debug|iPhone
		Debug|iPhoneSimulator = Debug|iPhoneSimulator
		Debug|x64 = Debug|x64
		Debug|x86 = Debug|x86
		Release|Any CPU = Release|Any CPU
		Release|ARM = Release|ARM
		Release|iPhone = Release|iPhone
		Release|iPhoneSimulator = Release|iPhoneSimulator
		Release|x64 = Release|x64
		Release|x86 = Release|x86
	EndGlobalSection
	GlobalSection(ProjectConfigurationPlatforms) = postSolution
		{135F8EB8-146E-4E89-8DF8-5C26D553D117}.Debug|Any CPU.ActiveCfg = Debug|Any CPU
		{135F8EB8-146E-4E89-8DF8-5C26D553D117}.Debug|Any CPU.Build.0 = Debug|Any CPU
		{135F8EB8-146E-4E89-8DF8-5C26D553D117}.Debug|Any CPU.Deploy.0 = Debug|Any CPU
		{135F8EB8-146E-4E89-8DF8-5C26D553D117}.Debug|ARM.ActiveCfg = Debug|Any CPU
		{135F8EB8-146E-4E89-8DF8-5C26D553D117}.Debug|ARM.Build.0 = Debug|Any CPU
		{135F8EB8-146E-4E89-8DF8-5C26D553D117}.Debug|ARM.Deploy.0 = Debug|Any CPU
		{135F8EB8-146E-4E89-8DF8-5C26D553D117}.Debug|iPhone.ActiveCfg = Debug|Any CPU
		{135F8EB8-146E-4E89-8DF8-5C26D553D117}.Debug|iPhone.Build.0 = Debug|Any CPU
		{135F8EB8-146E-4E89-8DF8-5C26D553D117}.Debug|iPhone.Deploy.0 = Debug|Any CPU
		{135F8EB8-146E-4E89-8DF8-5C26D553D117}.Debug|iPhoneSimulator.ActiveCfg = Debug|Any CPU
		{135F8EB8-146E-4E89-8DF8-5C26D553D117}.Debug|iPhoneSimulator.Build.0 = Debug|Any CPU
		{135F8EB8-146E-4E89-8DF8-5C26D553D117}.Debug|iPhoneSimulator.Deploy.0 = Debug|Any CPU
		{135F8EB8-146E-4E89-8DF8-5C26D553D117}.Debug|x64.ActiveCfg = Debug|Any CPU
		{135F8EB8-146E-4E89-8DF8-5C26D553D117}.Debug|x64.Build.0 = Debug|Any CPU
		{135F8EB8-146E-4E89-8DF8-5C26D553D117}.Debug|x64.Deploy.0 = Debug|Any CPU
		{135F8EB8-146E-4E89-8DF8-5C26D553D117}.Debug|x86.ActiveCfg = Debug|Any CPU
		{135F8EB8-146E-4E89-8DF8-5C26D553D117}.Debug|x86.Build.0 = Debug|Any CPU
		{135F8EB8-146E-4E89-8DF8-5C26D553D117}.Debug|x86.Deploy.0 = Debug|Any CPU
		{135F8EB8-146E-4E89-8DF8-5C26D553D117}.Release|Any CPU.ActiveCfg = Release|Any CPU
		{135F8EB8-146E-4E89-8DF8-5C26D553D117}.Release|Any CPU.Build.0 = Release|Any CPU
		{135F8EB8-146E-4E89-8DF8-5C26D553D117}.Release|Any CPU.Deploy.0 = Release|Any CPU
		{135F8EB8-146E-4E89-8DF8-5C26D553D117}.Release|ARM.ActiveCfg = Release|Any CPU
		{135F8EB8-146E-4E89-8DF8-5C26D553D117}.Release|ARM.Build.0 = Release|Any CPU
		{135F8EB8-146E-4E89-8DF8-5C26D553D117}.Release|ARM.Deploy.0 = Release|Any CPU
		{135F8EB8-146E-4E89-8DF8-5C26D553D117}.Release|iPhone.ActiveCfg = Release|Any CPU
		{135F8EB8-146E-4E89-8DF8-5C26D553D117}.Release|iPhone.Build.0 = Release|Any CPU
		{135F8EB8-146E-4E89-8DF8-5C26D553D117}.Release|iPhone.Deploy.0 = Release|Any CPU
		{135F8EB8-146E-4E89-8DF8-5C26D553D117}.Release|iPhoneSimulator.ActiveCfg = Release|Any CPU
		{135F8EB8-146E-4E89-8DF8-5C26D553D117}.Release|iPhoneSimulator.Build.0 = Release|Any CPU
		{135F8EB8-146E-4E89-8DF8-5C26D553D117}.Release|iPhoneSimulator.Deploy.0 = Release|Any CPU
		{135F8EB8-146E-4E89-8DF8-5C26D553D117}.Release|x64.ActiveCfg = Release|Any CPU
		{135F8EB8-146E-4E89-8DF8-5C26D553D117}.Release|x64.Build.0 = Release|Any CPU
		{135F8EB8-146E-4E89-8DF8-5C26D553D117}.Release|x64.Deploy.0 = Release|Any CPU
		{135F8EB8-146E-4E89-8DF8-5C26D553D117}.Release|x86.ActiveCfg = Release|Any CPU
		{135F8EB8-146E-4E89-8DF8-5C26D553D117}.Release|x86.Build.0 = Release|Any CPU
		{135F8EB8-146E-4E89-8DF8-5C26D553D117}.Release|x86.Deploy.0 = Release|Any CPU
		{182F00FC-DE31-40B3-A76A-55E9FB545F46}.Debug|Any CPU.ActiveCfg = Debug|iPhoneSimulator
		{182F00FC-DE31-40B3-A76A-55E9FB545F46}.Debug|Any CPU.Build.0 = Debug|iPhoneSimulator
		{182F00FC-DE31-40B3-A76A-55E9FB545F46}.Debug|Any CPU.Deploy.0 = Debug|iPhoneSimulator
		{182F00FC-DE31-40B3-A76A-55E9FB545F46}.Debug|ARM.ActiveCfg = Debug|iPhone
		{182F00FC-DE31-40B3-A76A-55E9FB545F46}.Debug|ARM.Build.0 = Debug|iPhone
		{182F00FC-DE31-40B3-A76A-55E9FB545F46}.Debug|ARM.Deploy.0 = Debug|iPhone
		{182F00FC-DE31-40B3-A76A-55E9FB545F46}.Debug|iPhone.ActiveCfg = Debug|iPhone
		{182F00FC-DE31-40B3-A76A-55E9FB545F46}.Debug|iPhone.Build.0 = Debug|iPhone
		{182F00FC-DE31-40B3-A76A-55E9FB545F46}.Debug|iPhone.Deploy.0 = Debug|iPhone
		{182F00FC-DE31-40B3-A76A-55E9FB545F46}.Debug|iPhoneSimulator.ActiveCfg = Debug|iPhoneSimulator
		{182F00FC-DE31-40B3-A76A-55E9FB545F46}.Debug|iPhoneSimulator.Build.0 = Debug|iPhoneSimulator
		{182F00FC-DE31-40B3-A76A-55E9FB545F46}.Debug|iPhoneSimulator.Deploy.0 = Debug|iPhoneSimulator
		{182F00FC-DE31-40B3-A76A-55E9FB545F46}.Debug|x64.ActiveCfg = Debug|iPhone
		{182F00FC-DE31-40B3-A76A-55E9FB545F46}.Debug|x64.Build.0 = Debug|iPhone
		{182F00FC-DE31-40B3-A76A-55E9FB545F46}.Debug|x64.Deploy.0 = Debug|iPhone
		{182F00FC-DE31-40B3-A76A-55E9FB545F46}.Debug|x86.ActiveCfg = Debug|iPhone
		{182F00FC-DE31-40B3-A76A-55E9FB545F46}.Debug|x86.Build.0 = Debug|iPhone
		{182F00FC-DE31-40B3-A76A-55E9FB545F46}.Debug|x86.Deploy.0 = Debug|iPhone
		{182F00FC-DE31-40B3-A76A-55E9FB545F46}.Release|Any CPU.ActiveCfg = Release|iPhone
		{182F00FC-DE31-40B3-A76A-55E9FB545F46}.Release|Any CPU.Build.0 = Release|iPhone
		{182F00FC-DE31-40B3-A76A-55E9FB545F46}.Release|Any CPU.Deploy.0 = Release|iPhone
		{182F00FC-DE31-40B3-A76A-55E9FB545F46}.Release|ARM.ActiveCfg = Release|iPhone
		{182F00FC-DE31-40B3-A76A-55E9FB545F46}.Release|ARM.Build.0 = Release|iPhone
		{182F00FC-DE31-40B3-A76A-55E9FB545F46}.Release|ARM.Deploy.0 = Release|iPhone
		{182F00FC-DE31-40B3-A76A-55E9FB545F46}.Release|iPhone.ActiveCfg = Release|iPhone
		{182F00FC-DE31-40B3-A76A-55E9FB545F46}.Release|iPhone.Build.0 = Release|iPhone
		{182F00FC-DE31-40B3-A76A-55E9FB545F46}.Release|iPhone.Deploy.0 = Release|iPhone
		{182F00FC-DE31-40B3-A76A-55E9FB545F46}.Release|iPhoneSimulator.ActiveCfg = Release|iPhoneSimulator
		{182F00FC-DE31-40B3-A76A-55E9FB545F46}.Release|iPhoneSimulator.Build.0 = Release|iPhoneSimulator
		{182F00FC-DE31-40B3-A76A-55E9FB545F46}.Release|iPhoneSimulator.Deploy.0 = Release|iPhoneSimulator
		{182F00FC-DE31-40B3-A76A-55E9FB545F46}.Release|x64.ActiveCfg = Release|iPhone
		{182F00FC-DE31-40B3-A76A-55E9FB545F46}.Release|x64.Build.0 = Release|iPhone
		{182F00FC-DE31-40B3-A76A-55E9FB545F46}.Release|x64.Deploy.0 = Release|iPhone
		{182F00FC-DE31-40B3-A76A-55E9FB545F46}.Release|x86.ActiveCfg = Release|iPhone
		{182F00FC-DE31-40B3-A76A-55E9FB545F46}.Release|x86.Build.0 = Release|iPhone
		{182F00FC-DE31-40B3-A76A-55E9FB545F46}.Release|x86.Deploy.0 = Release|iPhone
		{E3E25509-784A-47F2-8CB5-6F0612CA9B9F}.Debug|Any CPU.ActiveCfg = Debug|x86
		{E3E25509-784A-47F2-8CB5-6F0612CA9B9F}.Debug|Any CPU.Build.0 = Debug|x86
		{E3E25509-784A-47F2-8CB5-6F0612CA9B9F}.Debug|Any CPU.Deploy.0 = Debug|x86
		{E3E25509-784A-47F2-8CB5-6F0612CA9B9F}.Debug|ARM.ActiveCfg = Debug|ARM
		{E3E25509-784A-47F2-8CB5-6F0612CA9B9F}.Debug|ARM.Build.0 = Debug|ARM
		{E3E25509-784A-47F2-8CB5-6F0612CA9B9F}.Debug|ARM.Deploy.0 = Debug|ARM
		{E3E25509-784A-47F2-8CB5-6F0612CA9B9F}.Debug|iPhone.ActiveCfg = Debug|x86
		{E3E25509-784A-47F2-8CB5-6F0612CA9B9F}.Debug|iPhone.Build.0 = Debug|x86
		{E3E25509-784A-47F2-8CB5-6F0612CA9B9F}.Debug|iPhone.Deploy.0 = Debug|x86
		{E3E25509-784A-47F2-8CB5-6F0612CA9B9F}.Debug|iPhoneSimulator.ActiveCfg = Debug|x86
		{E3E25509-784A-47F2-8CB5-6F0612CA9B9F}.Debug|iPhoneSimulator.Build.0 = Debug|x86
		{E3E25509-784A-47F2-8CB5-6F0612CA9B9F}.Debug|iPhoneSimulator.Deploy.0 = Debug|x86
		{E3E25509-784A-47F2-8CB5-6F0612CA9B9F}.Debug|x64.ActiveCfg = Debug|x64
		{E3E25509-784A-47F2-8CB5-6F0612CA9B9F}.Debug|x64.Build.0 = Debug|x64
		{E3E25509-784A-47F2-8CB5-6F0612CA9B9F}.Debug|x64.Deploy.0 = Debug|x64
		{E3E25509-784A-47F2-8CB5-6F0612CA9B9F}.Debug|x86.ActiveCfg = Debug|x86
		{E3E25509-784A-47F2-8CB5-6F0612CA9B9F}.Debug|x86.Build.0 = Debug|x86
		{E3E25509-784A-47F2-8CB5-6F0612CA9B9F}.Debug|x86.Deploy.0 = Debug|x86
		{E3E25509-784A-47F2-8CB5-6F0612CA9B9F}.Release|Any CPU.ActiveCfg = Release|x86
		{E3E25509-784A-47F2-8CB5-6F0612CA9B9F}.Release|Any CPU.Build.0 = Release|x86
		{E3E25509-784A-47F2-8CB5-6F0612CA9B9F}.Release|Any CPU.Deploy.0 = Release|x86
		{E3E25509-784A-47F2-8CB5-6F0612CA9B9F}.Release|ARM.ActiveCfg = Release|ARM
		{E3E25509-784A-47F2-8CB5-6F0612CA9B9F}.Release|ARM.Build.0 = Release|ARM
		{E3E25509-784A-47F2-8CB5-6F0612CA9B9F}.Release|ARM.Deploy.0 = Release|ARM
		{E3E25509-784A-47F2-8CB5-6F0612CA9B9F}.Release|iPhone.ActiveCfg = Release|x86
		{E3E25509-784A-47F2-8CB5-6F0612CA9B9F}.Release|iPhone.Build.0 = Release|x86
		{E3E25509-784A-47F2-8CB5-6F0612CA9B9F}.Release|iPhone.Deploy.0 = Release|x86
		{E3E25509-784A-47F2-8CB5-6F0612CA9B9F}.Release|iPhoneSimulator.ActiveCfg = Release|x86
		{E3E25509-784A-47F2-8CB5-6F0612CA9B9F}.Release|iPhoneSimulator.Build.0 = Release|x86
		{E3E25509-784A-47F2-8CB5-6F0612CA9B9F}.Release|iPhoneSimulator.Deploy.0 = Release|x86
		{E3E25509-784A-47F2-8CB5-6F0612CA9B9F}.Release|x64.ActiveCfg = Release|x64
		{E3E25509-784A-47F2-8CB5-6F0612CA9B9F}.Release|x64.Build.0 = Release|x64
		{E3E25509-784A-47F2-8CB5-6F0612CA9B9F}.Release|x64.Deploy.0 = Release|x64
		{E3E25509-784A-47F2-8CB5-6F0612CA9B9F}.Release|x86.ActiveCfg = Release|x86
		{E3E25509-784A-47F2-8CB5-6F0612CA9B9F}.Release|x86.Build.0 = Release|x86
		{E3E25509-784A-47F2-8CB5-6F0612CA9B9F}.Release|x86.Deploy.0 = Release|x86
		{B87F521D-2B1D-4833-B5B7-60FA73D29B1E}.Debug|Any CPU.ActiveCfg = Debug|Any CPU
		{B87F521D-2B1D-4833-B5B7-60FA73D29B1E}.Debug|Any CPU.Build.0 = Debug|Any CPU
		{B87F521D-2B1D-4833-B5B7-60FA73D29B1E}.Debug|Any CPU.Deploy.0 = Debug|Any CPU
		{B87F521D-2B1D-4833-B5B7-60FA73D29B1E}.Debug|ARM.ActiveCfg = Debug|Any CPU
		{B87F521D-2B1D-4833-B5B7-60FA73D29B1E}.Debug|ARM.Build.0 = Debug|Any CPU
		{B87F521D-2B1D-4833-B5B7-60FA73D29B1E}.Debug|ARM.Deploy.0 = Debug|Any CPU
		{B87F521D-2B1D-4833-B5B7-60FA73D29B1E}.Debug|iPhone.ActiveCfg = Debug|Any CPU
		{B87F521D-2B1D-4833-B5B7-60FA73D29B1E}.Debug|iPhone.Build.0 = Debug|Any CPU
		{B87F521D-2B1D-4833-B5B7-60FA73D29B1E}.Debug|iPhone.Deploy.0 = Debug|Any CPU
		{B87F521D-2B1D-4833-B5B7-60FA73D29B1E}.Debug|iPhoneSimulator.ActiveCfg = Debug|Any CPU
		{B87F521D-2B1D-4833-B5B7-60FA73D29B1E}.Debug|iPhoneSimulator.Build.0 = Debug|Any CPU
		{B87F521D-2B1D-4833-B5B7-60FA73D29B1E}.Debug|iPhoneSimulator.Deploy.0 = Debug|Any CPU
		{B87F521D-2B1D-4833-B5B7-60FA73D29B1E}.Debug|x64.ActiveCfg = Debug|Any CPU
		{B87F521D-2B1D-4833-B5B7-60FA73D29B1E}.Debug|x64.Build.0 = Debug|Any CPU
		{B87F521D-2B1D-4833-B5B7-60FA73D29B1E}.Debug|x64.Deploy.0 = Debug|Any CPU
		{B87F521D-2B1D-4833-B5B7-60FA73D29B1E}.Debug|x86.ActiveCfg = Debug|Any CPU
		{B87F521D-2B1D-4833-B5B7-60FA73D29B1E}.Debug|x86.Build.0 = Debug|Any CPU
		{B87F521D-2B1D-4833-B5B7-60FA73D29B1E}.Debug|x86.Deploy.0 = Debug|Any CPU
		{B87F521D-2B1D-4833-B5B7-60FA73D29B1E}.Release|Any CPU.ActiveCfg = Release|Any CPU
		{B87F521D-2B1D-4833-B5B7-60FA73D29B1E}.Release|Any CPU.Build.0 = Release|Any CPU
		{B87F521D-2B1D-4833-B5B7-60FA73D29B1E}.Release|Any CPU.Deploy.0 = Release|Any CPU
		{B87F521D-2B1D-4833-B5B7-60FA73D29B1E}.Release|ARM.ActiveCfg = Release|Any CPU
		{B87F521D-2B1D-4833-B5B7-60FA73D29B1E}.Release|ARM.Build.0 = Release|Any CPU
		{B87F521D-2B1D-4833-B5B7-60FA73D29B1E}.Release|ARM.Deploy.0 = Release|Any CPU
		{B87F521D-2B1D-4833-B5B7-60FA73D29B1E}.Release|iPhone.ActiveCfg = Release|Any CPU
		{B87F521D-2B1D-4833-B5B7-60FA73D29B1E}.Release|iPhone.Build.0 = Release|Any CPU
		{B87F521D-2B1D-4833-B5B7-60FA73D29B1E}.Release|iPhone.Deploy.0 = Release|Any CPU
		{B87F521D-2B1D-4833-B5B7-60FA73D29B1E}.Release|iPhoneSimulator.ActiveCfg = Release|Any CPU
		{B87F521D-2B1D-4833-B5B7-60FA73D29B1E}.Release|iPhoneSimulator.Build.0 = Release|Any CPU
		{B87F521D-2B1D-4833-B5B7-60FA73D29B1E}.Release|iPhoneSimulator.Deploy.0 = Release|Any CPU
		{B87F521D-2B1D-4833-B5B7-60FA73D29B1E}.Release|x64.ActiveCfg = Release|Any CPU
		{B87F521D-2B1D-4833-B5B7-60FA73D29B1E}.Release|x64.Build.0 = Release|Any CPU
		{B87F521D-2B1D-4833-B5B7-60FA73D29B1E}.Release|x64.Deploy.0 = Release|Any CPU
		{B87F521D-2B1D-4833-B5B7-60FA73D29B1E}.Release|x86.ActiveCfg = Release|Any CPU
		{B87F521D-2B1D-4833-B5B7-60FA73D29B1E}.Release|x86.Build.0 = Release|Any CPU
		{B87F521D-2B1D-4833-B5B7-60FA73D29B1E}.Release|x86.Deploy.0 = Release|Any CPU
	EndGlobalSection
	GlobalSection(SolutionProperties) = preSolution
		HideSolutionNode = FALSE
	EndGlobalSection
	GlobalSection(ExtensibilityGlobals) = postSolution
		SolutionGuid = {C8CCE29F-0C56-4729-A20C-5C2CE7FDFEC8}
	EndGlobalSection
EndGlobal
